
Microsoft Visual Studio Solution File, Format Version 12.00
# Visual Studio Version 16
VisualStudioVersion = 16.0.31402.337
MinimumVisualStudioVersion = 10.0.40219.1
Project("{FAE04EC0-301F-11D3-BF4B-00C04F79EFBC}") = "Gmail App", "Gmail App\Gmail App.csproj", "{40DBDB4B-9CC6-4777-8607-4FA6D09C5CCA}"
EndProject
Global
	GlobalSection(SolutionConfigurationPlatforms) = preSolution
		Debug|Any CPU = Debug|Any CPU
		Release|Any CPU = Release|Any CPU
	EndGlobalSection
	GlobalSection(ProjectConfigurationPlatforms) = postSolution
		{40DBDB4B-9CC6-4777-8607-4FA6D09C5CCA}.Debug|Any CPU.ActiveCfg = Debug|Any CPU
		{40DBDB4B-9CC6-4777-8607-4FA6D09C5CCA}.Debug|Any CPU.Build.0 = Debug|Any CPU
		{40DBDB4B-9CC6-4777-8607-4FA6D09C5CCA}.Release|Any CPU.ActiveCfg = Release|Any CPU
		{40DBDB4B-9CC6-4777-8607-4FA6D09C5CCA}.Release|Any CPU.Build.0 = Release|Any CPU
	EndGlobalSection
	GlobalSection(SolutionProperties) = preSolution
		HideSolutionNode = FALSE
	EndGlobalSection
	GlobalSection(ExtensibilityGlobals) = postSolution
		SolutionGuid = {07141006-CDFF-4A91-A01A-60590596FBEE}
	EndGlobalSection
EndGlobal
